github.com/cloudfoundry/sonde-go v0.0.0-20171206171820-b33733203bb4 h1:cWfya7mo/zbnwYVio6eWGsFJHqYw4/k/uhwIJ1eqRPI=
github.com/cloudfoundry/sonde-go v0.0.0-20171206171820-b33733203bb4/go.mod h1:GS0pCHd7onIsewbw8Ue9qa9pZPv2V88cUZDttK6KzgI=
github.com/gogo/protobuf v1.1.1 h1:72R+M5VuhED/KujmZVcIquuo8mBgX4oVda//DQb3PXo=
github.com/gogo/protobuf v1.1.1/go.mod h1:r8qH/GZQm5c6nD/R0oafs1akxWv10x8SbQlK7atdtwQ=
github.com/mailru/easyjson v0.0.0-20180823135443-60711f1a8329 h1:2gxZ0XQIU/5z3Z3bUBu+FXuk2pFbkN6tcwi/pjyaDic=
github.com/mailru/easyjson v0.0.0-20180823135443-60711f1a8329/go.mod h1:C1wdFJiN94OJF2b5HbByQZoLdCWB1Yqtg26g4irojpc=
